// !$*UTF8*$!
{
	archiveVersion = 1;
	classes = {
	};
	objectVersion = 46;
	objects = {

/* Begin PBXBuildFile section */
		1189B9F9132411F92EA03CA6 /* libPods.a in Frameworks */ = {isa = PBXBuildFile; fileRef = D2693709FF7E802B9FE9EBB9 /* libPods.a */; };
		630FCF821CCFF50E0036BEE2 /* AmazonProductsAPI.m in Sources */ = {isa = PBXBuildFile; fileRef = 630FCF811CCFF50E0036BEE2 /* AmazonProductsAPI.m */; };
		63373EFB1CCFDF0500DB0A2E /* main.m in Sources */ = {isa = PBXBuildFile; fileRef = 63373EFA1CCFDF0500DB0A2E /* main.m */; };
		63373EFE1CCFDF0500DB0A2E /* AppDelegate.m in Sources */ = {isa = PBXBuildFile; fileRef = 63373EFD1CCFDF0500DB0A2E /* AppDelegate.m */; };
		63373F011CCFDF0500DB0A2E /* ProductListViewController.m in Sources */ = {isa = PBXBuildFile; fileRef = 63373F001CCFDF0500DB0A2E /* ProductListViewController.m */; };
		63373F041CCFDF0500DB0A2E /* CategoriesViewController.m in Sources */ = {isa = PBXBuildFile; fileRef = 63373F031CCFDF0500DB0A2E /* CategoriesViewController.m */; };
		63373F071CCFDF0500DB0A2E /* Main.storyboard in Resources */ = {isa = PBXBuildFile; fileRef = 63373F051CCFDF0500DB0A2E /* Main.storyboard */; };
		63373F091CCFDF0500DB0A2E /* Assets.xcassets in Resources */ = {isa = PBXBuildFile; fileRef = 63373F081CCFDF0500DB0A2E /* Assets.xcassets */; };
		63373F0C1CCFDF0500DB0A2E /* LaunchScreen.storyboard in Resources */ = {isa = PBXBuildFile; fileRef = 63373F0A1CCFDF0500DB0A2E /* LaunchScreen.storyboard */; };
		63373F151CCFE15000DB0A2E /* cart@3x.png in Resources */ = {isa = PBXBuildFile; fileRef = 63373F141CCFE15000DB0A2E /* cart@3x.png */; };
		63373F171CCFE34B00DB0A2E /* lists@3x.png in Resources */ = {isa = PBXBuildFile; fileRef = 63373F161CCFE34B00DB0A2E /* lists@3x.png */; };
		63373F191CCFE48100DB0A2E /* home@3x.png in Resources */ = {isa = PBXBuildFile; fileRef = 63373F181CCFE48100DB0A2E /* home@3x.png */; };
		6383D4721CD01F0C00B53BCE /* RWMAmazonProductAdvertisingManager.m in Sources */ = {isa = PBXBuildFile; fileRef = 6383D46F1CD01F0C00B53BCE /* RWMAmazonProductAdvertisingManager.m */; };
		6383D4731CD01F0C00B53BCE /* RWMAmazonProductAdvertisingRequestSerializer.m in Sources */ = {isa = PBXBuildFile; fileRef = 6383D4711CD01F0C00B53BCE /* RWMAmazonProductAdvertisingRequestSerializer.m */; };
		6383D4761CD06ECD00B53BCE /* Model.xcdatamodeld in Sources */ = {isa = PBXBuildFile; fileRef = 6383D4741CD06ECD00B53BCE /* Model.xcdatamodeld */; };
		6383D47C1CD07DEF00B53BCE /* AmazonProduct+CoreDataProperties.m in Sources */ = {isa = PBXBuildFile; fileRef = 6383D4791CD07DEF00B53BCE /* AmazonProduct+CoreDataProperties.m */; };
		6383D47D1CD07DEF00B53BCE /* AmazonProduct.m in Sources */ = {isa = PBXBuildFile; fileRef = 6383D47B1CD07DEF00B53BCE /* AmazonProduct.m */; };
		6383D47F1CD08D1B00B53BCE /* AmazonProductTableCell.xib in Resources */ = {isa = PBXBuildFile; fileRef = 6383D47E1CD08D1B00B53BCE /* AmazonProductTableCell.xib */; };
		6383D4821CD09FDD00B53BCE /* green.png in Resources */ = {isa = PBXBuildFile; fileRef = 6383D4801CD09FDD00B53BCE /* green.png */; };
		6383D4831CD09FDD00B53BCE /* red.png in Resources */ = {isa = PBXBuildFile; fileRef = 6383D4811CD09FDD00B53BCE /* red.png */; };
		6383D4851CD0A34B00B53BCE /* AmazonProductView.xib in Resources */ = {isa = PBXBuildFile; fileRef = 6383D4841CD0A34B00B53BCE /* AmazonProductView.xib */; };
		6383D4881CD1527300B53BCE /* AmazonProductViewController.m in Sources */ = {isa = PBXBuildFile; fileRef = 6383D4871CD1527300B53BCE /* AmazonProductViewController.m */; };
		6383D48B1CD1671300B53BCE /* CartViewController.m in Sources */ = {isa = PBXBuildFile; fileRef = 6383D48A1CD1671300B53BCE /* CartViewController.m */; };
/* End PBXBuildFile section */

/* Begin PBXFileReference section */
		2427EF931EACED1AF9EEACD9 /* Pods.release.xcconfig */ = {isa = PBXFileReference; includeInIndex = 1; lastKnownFileType = text.xcconfig; name = Pods.release.xcconfig; path = "Pods/Target Support Files/Pods/Pods.release.xcconfig"; sourceTree = "<group>"; };
		630FCF801CCFF50E0036BEE2 /* AmazonProductsAPI.h */ = {isa = PBXFileReference; fileEncoding = 4; lastKnownFileType = sourcecode.c.h; path = AmazonProductsAPI.h; sourceTree = "<group>"; };
		630FCF811CCFF50E0036BEE2 /* AmazonProductsAPI.m */ = {isa = PBXFileReference; fileEncoding = 4; lastKnownFileType = sourcecode.c.objc; path = AmazonProductsAPI.m; sourceTree = "<group>"; };
		63373EF61CCFDF0500DB0A2E /* Shop.app */ = {isa = PBXFileReference; explicitFileType = wrapper.application; includeInIndex = 0; path = Shop.app; sourceTree = BUILT_PRODUCTS_DIR; };
		63373EFA1CCFDF0500DB0A2E /* main.m */ = {isa = PBXFileReference; lastKnownFileType = sourcecode.c.objc; path = main.m; sourceTree = "<group>"; };
		63373EFC1CCFDF0500DB0A2E /* AppDelegate.h */ = {isa = PBXFileReference; lastKnownFileType = sourcecode.c.h; path = AppDelegate.h; sourceTree = "<group>"; };
		63373EFD1CCFDF0500DB0A2E /* AppDelegate.m */ = {isa = PBXFileReference; lastKnownFileType = sourcecode.c.objc; path = AppDelegate.m; sourceTree = "<group>"; };
		63373EFF1CCFDF0500DB0A2E /* ProductListViewController.h */ = {isa = PBXFileReference; lastKnownFileType = sourcecode.c.h; path = ProductListViewController.h; sourceTree = "<group>"; };
		63373F001CCFDF0500DB0A2E /* ProductListViewController.m */ = {isa = PBXFileReference; lastKnownFileType = sourcecode.c.objc; path = ProductListViewController.m; sourceTree = "<group>"; };
		63373F021CCFDF0500DB0A2E /* CategoriesViewController.h */ = {isa = PBXFileReference; lastKnownFileType = sourcecode.c.h; path = CategoriesViewController.h; sourceTree = "<group>"; };
		63373F031CCFDF0500DB0A2E /* CategoriesViewController.m */ = {isa = PBXFileReference; lastKnownFileType = sourcecode.c.objc; path = CategoriesViewController.m; sourceTree = "<group>"; };
		63373F061CCFDF0500DB0A2E /* Base */ = {isa = PBXFileReference; lastKnownFileType = file.storyboard; name = Base; path = Base.lproj/Main.storyboard; sourceTree = "<group>"; };
		63373F081CCFDF0500DB0A2E /* Assets.xcassets */ = {isa = PBXFileReference; lastKnownFileType = folder.assetcatalog; path = Assets.xcassets; sourceTree = "<group>"; };
		63373F0B1CCFDF0500DB0A2E /* Base */ = {isa = PBXFileReference; lastKnownFileType = file.storyboard; name = Base; path = Base.lproj/LaunchScreen.storyboard; sourceTree = "<group>"; };
		63373F0D1CCFDF0500DB0A2E /* Info.plist */ = {isa = PBXFileReference; lastKnownFileType = text.plist.xml; path = Info.plist; sourceTree = "<group>"; };
		63373F141CCFE15000DB0A2E /* cart@3x.png */ = {isa = PBXFileReference; lastKnownFileType = image.png; path = "cart@3x.png"; sourceTree = "<group>"; };
		63373F161CCFE34B00DB0A2E /* lists@3x.png */ = {isa = PBXFileReference; lastKnownFileType = image.png; path = "lists@3x.png"; sourceTree = "<group>"; };
		63373F181CCFE48100DB0A2E /* home@3x.png */ = {isa = PBXFileReference; lastKnownFileType = image.png; path = "home@3x.png"; sourceTree = "<group>"; };
		6383D46E1CD01F0C00B53BCE /* RWMAmazonProductAdvertisingManager.h */ = {isa = PBXFileReference; fileEncoding = 4; lastKnownFileType = sourcecode.c.h; path = RWMAmazonProductAdvertisingManager.h; sourceTree = "<group>"; };
		6383D46F1CD01F0C00B53BCE /* RWMAmazonProductAdvertisingManager.m */ = {isa = PBXFileReference; fileEncoding = 4; lastKnownFileType = sourcecode.c.objc; path = RWMAmazonProductAdvertisingManager.m; sourceTree = "<group>"; };
		6383D4701CD01F0C00B53BCE /* RWMAmazonProductAdvertisingRequestSerializer.h */ = {isa = PBXFileReference; fileEncoding = 4; lastKnownFileType = sourcecode.c.h; path = RWMAmazonProductAdvertisingRequestSerializer.h; sourceTree = "<group>"; };
		6383D4711CD01F0C00B53BCE /* RWMAmazonProductAdvertisingRequestSerializer.m */ = {isa = PBXFileReference; fileEncoding = 4; lastKnownFileType = sourcecode.c.objc; path = RWMAmazonProductAdvertisingRequestSerializer.m; sourceTree = "<group>"; };
		6383D4751CD06ECD00B53BCE /* Model.xcdatamodel */ = {isa = PBXFileReference; lastKnownFileType = wrapper.xcdatamodel; path = Model.xcdatamodel; sourceTree = "<group>"; };
		6383D4771CD07BEC00B53BCE /* Shop-Prefix.pch */ = {isa = PBXFileReference; fileEncoding = 4; lastKnownFileType = sourcecode.c.h; path = "Shop-Prefix.pch"; sourceTree = "<group>"; };
		6383D4781CD07DEF00B53BCE /* AmazonProduct+CoreDataProperties.h */ = {isa = PBXFileReference; fileEncoding = 4; lastKnownFileType = sourcecode.c.h; path = "AmazonProduct+CoreDataProperties.h"; sourceTree = "<group>"; };
		6383D4791CD07DEF00B53BCE /* AmazonProduct+CoreDataProperties.m */ = {isa = PBXFileReference; fileEncoding = 4; lastKnownFileType = sourcecode.c.objc; path = "AmazonProduct+CoreDataProperties.m"; sourceTree = "<group>"; };
		6383D47A1CD07DEF00B53BCE /* AmazonProduct.h */ = {isa = PBXFileReference; fileEncoding = 4; lastKnownFileType = sourcecode.c.h; path = AmazonProduct.h; sourceTree = "<group>"; };
		6383D47B1CD07DEF00B53BCE /* AmazonProduct.m */ = {isa = PBXFileReference; fileEncoding = 4; lastKnownFileType = sourcecode.c.objc; path = AmazonProduct.m; sourceTree = "<group>"; };
		6383D47E1CD08D1B00B53BCE /* AmazonProductTableCell.xib */ = {isa = PBXFileReference; fileEncoding = 4; lastKnownFileType = file.xib; path = AmazonProductTableCell.xib; sourceTree = "<group>"; };
		6383D4801CD09FDD00B53BCE /* green.png */ = {isa = PBXFileReference; lastKnownFileType = image.png; path = green.png; sourceTree = "<group>"; };
		6383D4811CD09FDD00B53BCE /* red.png */ = {isa = PBXFileReference; lastKnownFileType = image.png; path = red.png; sourceTree = "<group>"; };
		6383D4841CD0A34B00B53BCE /* AmazonProductView.xib */ = {isa = PBXFileReference; fileEncoding = 4; lastKnownFileType = file.xib; path = AmazonProductView.xib; sourceTree = "<group>"; };
		6383D4861CD1527300B53BCE /* AmazonProductViewController.h */ = {isa = PBXFileReference; fileEncoding = 4; lastKnownFileType = sourcecode.c.h; path = AmazonProductViewController.h; sourceTree = "<group>"; };
		6383D4871CD1527300B53BCE /* AmazonProductViewController.m */ = {isa = PBXFileReference; fileEncoding = 4; lastKnownFileType = sourcecode.c.objc; path = AmazonProductViewController.m; sourceTree = "<group>"; };
		6383D4891CD1671300B53BCE /* CartViewController.h */ = {isa = PBXFileReference; fileEncoding = 4; lastKnownFileType = sourcecode.c.h; path = CartViewController.h; sourceTree = "<group>"; };
		6383D48A1CD1671300B53BCE /* CartViewController.m */ = {isa = PBXFileReference; fileEncoding = 4; lastKnownFileType = sourcecode.c.objc; path = CartViewController.m; sourceTree = "<group>"; };
		7D0B936EDA3888460D411DD8 /* Pods.debug.xcconfig */ = {isa = PBXFileReference; includeInIndex = 1; lastKnownFileType = text.xcconfig; name = Pods.debug.xcconfig; path = "Pods/Target Support Files/Pods/Pods.debug.xcconfig"; sourceTree = "<group>"; };
		D2693709FF7E802B9FE9EBB9 /* libPods.a */ = {isa = PBXFileReference; explicitFileType = archive.ar; includeInIndex = 0; path = libPods.a; sourceTree = BUILT_PRODUCTS_DIR; };
/* End PBXFileReference section */

/* Begin PBXFrameworksBuildPhase section */
		63373EF31CCFDF0500DB0A2E /* Frameworks */ = {
			isa = PBXFrameworksBuildPhase;
			buildActionMask = 2147483647;
			files = (
				1189B9F9132411F92EA03CA6 /* libPods.a in Frameworks */,
			);
			runOnlyForDeploymentPostprocessing = 0;
		};
/* End PBXFrameworksBuildPhase section */

/* Begin PBXGroup section */
		561A8C05FD7DD022A4A9E7B8 /* Frameworks */ = {
			isa = PBXGroup;
			children = (
				6383D46D1CD01F0C00B53BCE /* RWMAmazonProductAdvertisingManager */,
				D2693709FF7E802B9FE9EBB9 /* libPods.a */,
			);
			name = Frameworks;
			sourceTree = "<group>";
		};
		63373EED1CCFDF0500DB0A2E = {
			isa = PBXGroup;
			children = (
				63373EF81CCFDF0500DB0A2E /* Shop */,
				63373EF71CCFDF0500DB0A2E /* Products */,
				67D332E4DBD773C35DF1B61A /* Pods */,
				561A8C05FD7DD022A4A9E7B8 /* Frameworks */,
			);
			sourceTree = "<group>";
		};
		63373EF71CCFDF0500DB0A2E /* Products */ = {
			isa = PBXGroup;
			children = (
				63373EF61CCFDF0500DB0A2E /* Shop.app */,
			);
			name = Products;
			sourceTree = "<group>";
		};
		63373EF81CCFDF0500DB0A2E /* Shop */ = {
			isa = PBXGroup;
			children = (
				63373F081CCFDF0500DB0A2E /* Assets.xcassets */,
				63373F131CCFE14800DB0A2E /* Images */,
				63373EF91CCFDF0500DB0A2E /* Supporting Files */,
				63373EFC1CCFDF0500DB0A2E /* AppDelegate.h */,
				63373EFD1CCFDF0500DB0A2E /* AppDelegate.m */,
				63373EFF1CCFDF0500DB0A2E /* ProductListViewController.h */,
				63373F001CCFDF0500DB0A2E /* ProductListViewController.m */,
				63373F021CCFDF0500DB0A2E /* CategoriesViewController.h */,
				63373F031CCFDF0500DB0A2E /* CategoriesViewController.m */,
				6383D4861CD1527300B53BCE /* AmazonProductViewController.h */,
				6383D4871CD1527300B53BCE /* AmazonProductViewController.m */,
				6383D4891CD1671300B53BCE /* CartViewController.h */,
				6383D48A1CD1671300B53BCE /* CartViewController.m */,
				630FCF801CCFF50E0036BEE2 /* AmazonProductsAPI.h */,
				630FCF811CCFF50E0036BEE2 /* AmazonProductsAPI.m */,
				63373F051CCFDF0500DB0A2E /* Main.storyboard */,
				63373F0A1CCFDF0500DB0A2E /* LaunchScreen.storyboard */,
				6383D47E1CD08D1B00B53BCE /* AmazonProductTableCell.xib */,
				6383D4841CD0A34B00B53BCE /* AmazonProductView.xib */,
				63373F0D1CCFDF0500DB0A2E /* Info.plist */,
				6383D4741CD06ECD00B53BCE /* Model.xcdatamodeld */,
				6383D4781CD07DEF00B53BCE /* AmazonProduct+CoreDataProperties.h */,
				6383D4791CD07DEF00B53BCE /* AmazonProduct+CoreDataProperties.m */,
				6383D47A1CD07DEF00B53BCE /* AmazonProduct.h */,
				6383D47B1CD07DEF00B53BCE /* AmazonProduct.m */,
			);
			path = Shop;
			sourceTree = "<group>";
		};
		63373EF91CCFDF0500DB0A2E /* Supporting Files */ = {
			isa = PBXGroup;
			children = (
				6383D4771CD07BEC00B53BCE /* Shop-Prefix.pch */,
				63373EFA1CCFDF0500DB0A2E /* main.m */,
			);
			name = "Supporting Files";
			sourceTree = "<group>";
		};
		63373F131CCFE14800DB0A2E /* Images */ = {
			isa = PBXGroup;
			children = (
				6383D4801CD09FDD00B53BCE /* green.png */,
				6383D4811CD09FDD00B53BCE /* red.png */,
				63373F161CCFE34B00DB0A2E /* lists@3x.png */,
				63373F181CCFE48100DB0A2E /* home@3x.png */,
				63373F141CCFE15000DB0A2E /* cart@3x.png */,
			);
			name = Images;
			sourceTree = "<group>";
		};
		6383D46D1CD01F0C00B53BCE /* RWMAmazonProductAdvertisingManager */ = {
			isa = PBXGroup;
			children = (
				6383D46E1CD01F0C00B53BCE /* RWMAmazonProductAdvertisingManager.h */,
				6383D46F1CD01F0C00B53BCE /* RWMAmazonProductAdvertisingManager.m */,
				6383D4701CD01F0C00B53BCE /* RWMAmazonProductAdvertisingRequestSerializer.h */,
				6383D4711CD01F0C00B53BCE /* RWMAmazonProductAdvertisingRequestSerializer.m */,
			);
			path = RWMAmazonProductAdvertisingManager;
			sourceTree = "<group>";
		};
		67D332E4DBD773C35DF1B61A /* Pods */ = {
			isa = PBXGroup;
			children = (
				7D0B936EDA3888460D411DD8 /* Pods.debug.xcconfig */,
				2427EF931EACED1AF9EEACD9 /* Pods.release.xcconfig */,
			);
			name = Pods;
			sourceTree = "<group>";
		};
/* End PBXGroup section */

/* Begin PBXNativeTarget section */
		63373EF51CCFDF0500DB0A2E /* Shop */ = {
			isa = PBXNativeTarget;
			buildConfigurationList = 63373F101CCFDF0500DB0A2E /* Build configuration list for PBXNativeTarget "Shop" */;
			buildPhases = (
				3C0DF838ECF814C5598B9365 /* Check Pods Manifest.lock */,
				63373EF21CCFDF0500DB0A2E /* Sources */,
				63373EF31CCFDF0500DB0A2E /* Frameworks */,
				63373EF41CCFDF0500DB0A2E /* Resources */,
				FAEF5B6672933879E10839B0 /* Embed Pods Frameworks */,
				B76E2C4F7FFE68504CB2B0BD /* Copy Pods Resources */,
			);
			buildRules = (
			);
			dependencies = (
			);
			name = Shop;
			productName = Shop;
			productReference = 63373EF61CCFDF0500DB0A2E /* Shop.app */;
			productType = "com.apple.product-type.application";
		};
/* End PBXNativeTarget section */

/* Begin PBXProject section */
		63373EEE1CCFDF0500DB0A2E /* Project object */ = {
			isa = PBXProject;
			attributes = {
				LastUpgradeCheck = 0730;
				ORGANIZATIONNAME = "David Anderson";
				TargetAttributes = {
					63373EF51CCFDF0500DB0A2E = {
						CreatedOnToolsVersion = 7.3;
					};
				};
			};
			buildConfigurationList = 63373EF11CCFDF0500DB0A2E /* Build configuration list for PBXProject "Shop" */;
			compatibilityVersion = "Xcode 3.2";
			developmentRegion = English;
			hasScannedForEncodings = 0;
			knownRegions = (
				en,
				Base,
			);
			mainGroup = 63373EED1CCFDF0500DB0A2E;
			productRefGroup = 63373EF71CCFDF0500DB0A2E /* Products */;
			projectDirPath = "";
			projectRoot = "";
			targets = (
				63373EF51CCFDF0500DB0A2E /* Shop */,
			);
		};
/* End PBXProject section */

/* Begin PBXResourcesBuildPhase section */
		63373EF41CCFDF0500DB0A2E /* Resources */ = {
			isa = PBXResourcesBuildPhase;
			buildActionMask = 2147483647;
			files = (
				63373F151CCFE15000DB0A2E /* cart@3x.png in Resources */,
				63373F0C1CCFDF0500DB0A2E /* LaunchScreen.storyboard in Resources */,
				63373F191CCFE48100DB0A2E /* home@3x.png in Resources */,
				6383D4831CD09FDD00B53BCE /* red.png in Resources */,
				63373F091CCFDF0500DB0A2E /* Assets.xcassets in Resources */,
				63373F071CCFDF0500DB0A2E /* Main.storyboard in Resources */,
				6383D4851CD0A34B00B53BCE /* AmazonProductView.xib in Resources */,
				6383D4821CD09FDD00B53BCE /* green.png in Resources */,
				63373F171CCFE34B00DB0A2E /* lists@3x.png in Resources */,
				6383D47F1CD08D1B00B53BCE /* AmazonProductTableCell.xib in Resources */,
			);
			runOnlyForDeploymentPostprocessing = 0;
		};
/* End PBXResourcesBuildPhase section */

/* Begin PBXShellScriptBuildPhase section */
		3C0DF838ECF814C5598B9365 /* Check Pods Manifest.lock */ = {
			isa = PBXShellScriptBuildPhase;
			buildActionMask = 2147483647;
			files = (
			);
			inputPaths = (
			);
			name = "Check Pods Manifest.lock";
			outputPaths = (
			);
			runOnlyForDeploymentPostprocessing = 0;
			shellPath = /bin/sh;
			shellScript = "diff \"${PODS_ROOT}/../Podfile.lock\" \"${PODS_ROOT}/Manifest.lock\" > /dev/null\nif [[ $? != 0 ]] ; then\n    cat << EOM\nerror: The sandbox is not in sync with the Podfile.lock. Run 'pod install' or update your CocoaPods installation.\nEOM\n    exit 1\nfi\n";
			showEnvVarsInLog = 0;
		};
		B76E2C4F7FFE68504CB2B0BD /* Copy Pods Resources */ = {
			isa = PBXShellScriptBuildPhase;
			buildActionMask = 2147483647;
			files = (
			);
			inputPaths = (
			);
			name = "Copy Pods Resources";
			outputPaths = (
			);
			runOnlyForDeploymentPostprocessing = 0;
			shellPath = /bin/sh;
			shellScript = "\"${SRCROOT}/Pods/Target Support Files/Pods/Pods-resources.sh\"\n";
			showEnvVarsInLog = 0;
		};
		FAEF5B6672933879E10839B0 /* Embed Pods Frameworks */ = {
			isa = PBXShellScriptBuildPhase;
			buildActionMask = 2147483647;
			files = (
			);
			inputPaths = (
			);
			name = "Embed Pods Frameworks";
			outputPaths = (
			);
			runOnlyForDeploymentPostprocessing = 0;
			shellPath = /bin/sh;
			shellScript = "\"${SRCROOT}/Pods/Target Support Files/Pods/Pods-frameworks.sh\"\n";
			showEnvVarsInLog = 0;
		};
/* End PBXShellScriptBuildPhase section */

/* Begin PBXSourcesBuildPhase section */
		63373EF21CCFDF0500DB0A2E /* Sources */ = {
			isa = PBXSourcesBuildPhase;
			buildActionMask = 2147483647;
			files = (
				63373F041CCFDF0500DB0A2E /* CategoriesViewController.m in Sources */,
				63373EFE1CCFDF0500DB0A2E /* AppDelegate.m in Sources */,
				630FCF821CCFF50E0036BEE2 /* AmazonProductsAPI.m in Sources */,
				6383D47D1CD07DEF00B53BCE /* AmazonProduct.m in Sources */,
				6383D48B1CD1671300B53BCE /* CartViewController.m in Sources */,
				6383D4761CD06ECD00B53BCE /* Model.xcdatamodeld in Sources */,
				63373F011CCFDF0500DB0A2E /* ProductListViewController.m in Sources */,
				63373EFB1CCFDF0500DB0A2E /* main.m in Sources */,
				6383D4731CD01F0C00B53BCE /* RWMAmazonProductAdvertisingRequestSerializer.m in Sources */,
				6383D4721CD01F0C00B53BCE /* RWMAmazonProductAdvertisingManager.m in Sources */,
				6383D4881CD1527300B53BCE /* AmazonProductViewController.m in Sources */,
				6383D47C1CD07DEF00B53BCE /* AmazonProduct+CoreDataProperties.m in Sources */,
			);
			runOnlyForDeploymentPostprocessing = 0;
		};
/* End PBXSourcesBuildPhase section */

/* Begin PBXVariantGroup section */
		63373F051CCFDF0500DB0A2E /* Main.storyboard */ = {
			isa = PBXVariantGroup;
			children = (
				63373F061CCFDF0500DB0A2E /* Base */,
			);
			name = Main.storyboard;
			sourceTree = "<group>";
		};
		63373F0A1CCFDF0500DB0A2E /* LaunchScreen.storyboard */ = {
			isa = PBXVariantGroup;
			children = (
				63373F0B1CCFDF0500DB0A2E /* Base */,
			);
			name = LaunchScreen.storyboard;
			sourceTree = "<group>";
		};
/* End PBXVariantGroup section */

/* Begin XCBuildConfiguration section */
		63373F0E1CCFDF0500DB0A2E /* Debug */ = {
			isa = XCBuildConfiguration;
			buildSettings = {
				ALWAYS_SEARCH_USER_PATHS = NO;
				CLANG_ANALYZER_NONNULL = YES;
				CLANG_CXX_LANGUAGE_STANDARD = "gnu++0x";
				CLANG_CXX_LIBRARY = "libc++";
				CLANG_ENABLE_MODULES = YES;
				CLANG_ENABLE_OBJC_ARC = YES;
				CLANG_WARN_BOOL_CONVERSION = YES;
				CLANG_WARN_CONSTANT_CONVERSION = YES;
				CLANG_WARN_DIRECT_OBJC_ISA_USAGE = YES_ERROR;
				CLANG_WARN_EMPTY_BODY = YES;
				CLANG_WARN_ENUM_CONVERSION = YES;
				CLANG_WARN_INT_CONVERSION = YES;
				CLANG_WARN_OBJC_ROOT_CLASS = YES_ERROR;
				CLANG_WARN_UNREACHABLE_CODE = YES;
				CLANG_WARN__DUPLICATE_METHOD_MATCH = YES;
				"CODE_SIGN_IDENTITY[sdk=iphoneos*]" = "iPhone Developer";
				COPY_PHASE_STRIP = NO;
				DEBUG_INFORMATION_FORMAT = dwarf;
				ENABLE_STRICT_OBJC_MSGSEND = YES;
				ENABLE_TESTABILITY = YES;
				GCC_C_LANGUAGE_STANDARD = gnu99;
				GCC_DYNAMIC_NO_PIC = NO;
				GCC_NO_COMMON_BLOCKS = YES;
				GCC_OPTIMIZATION_LEVEL = 0;
				GCC_PREPROCESSOR_DEFINITIONS = (
					"DEBUG=1",
					"$(inherited)",
				);
				GCC_WARN_64_TO_32_BIT_CONVERSION = YES;
				GCC_WARN_ABOUT_RETURN_TYPE = YES_ERROR;
				GCC_WARN_UNDECLARED_SELECTOR = YES;
				GCC_WARN_UNINITIALIZED_AUTOS = YES_AGGRESSIVE;
				GCC_WARN_UNUSED_FUNCTION = YES;
				GCC_WARN_UNUSED_VARIABLE = YES;
				IPHONEOS_DEPLOYMENT_TARGET = 9.3;
				MTL_ENABLE_DEBUG_INFO = YES;
				ONLY_ACTIVE_ARCH = YES;
				SDKROOT = iphoneos;
			};
			name = Debug;
		};
		63373F0F1CCFDF0500DB0A2E /* Release */ = {
			isa = XCBuildConfiguration;
			buildSettings = {
				ALWAYS_SEARCH_USER_PATHS = NO;
				CLANG_ANALYZER_NONNULL = YES;
				CLANG_CXX_LANGUAGE_STANDARD = "gnu++0x";
				CLANG_CXX_LIBRARY = "libc++";
				CLANG_ENABLE_MODULES = YES;
				CLANG_ENABLE_OBJC_ARC = YES;
				CLANG_WARN_BOOL_CONVERSION = YES;
				CLANG_WARN_CONSTANT_CONVERSION = YES;
				CLANG_WARN_DIRECT_OBJC_ISA_USAGE = YES_ERROR;
				CLANG_WARN_EMPTY_BODY = YES;
				CLANG_WARN_ENUM_CONVERSION = YES;
				CLANG_WARN_INT_CONVERSION = YES;
				CLANG_WARN_OBJC_ROOT_CLASS = YES_ERROR;
				CLANG_WARN_UNREACHABLE_CODE = YES;
				CLANG_WARN__DUPLICATE_METHOD_MATCH = YES;
				"CODE_SIGN_IDENTITY[sdk=iphoneos*]" = "iPhone Developer";
				COPY_PHASE_STRIP = NO;
				DEBUG_INFORMATION_FORMAT = "dwarf-with-dsym";
				ENABLE_NS_ASSERTIONS = NO;
				ENABLE_STRICT_OBJC_MSGSEND = YES;
				GCC_C_LANGUAGE_STANDARD = gnu99;
				GCC_NO_COMMON_BLOCKS = YES;
				GCC_WARN_64_TO_32_BIT_CONVERSION = YES;
				GCC_WARN_ABOUT_RETURN_TYPE = YES_ERROR;
				GCC_WARN_UNDECLARED_SELECTOR = YES;
				GCC_WARN_UNINITIALIZED_AUTOS = YES_AGGRESSIVE;
				GCC_WARN_UNUSED_FUNCTION = YES;
				GCC_WARN_UNUSED_VARIABLE = YES;
				IPHONEOS_DEPLOYMENT_TARGET = 9.3;
				MTL_ENABLE_DEBUG_INFO = NO;
				SDKROOT = iphoneos;
				VALIDATE_PRODUCT = YES;
			};
			name = Release;
		};
		63373F111CCFDF0500DB0A2E /* Debug */ = {
			isa = XCBuildConfiguration;
			baseConfigurationReference = 7D0B936EDA3888460D411DD8 /* Pods.debug.xcconfig */;
			buildSettings = {
				ASSETCATALOG_COMPILER_APPICON_NAME = AppIcon;
				GCC_PREFIX_HEADER = "Shop/Shop-Prefix.pch";
				INFOPLIST_FILE = Shop/Info.plist;
				LD_RUNPATH_SEARCH_PATHS = "$(inherited) @executable_path/Frameworks";
				PRODUCT_BUNDLE_IDENTIFIER = com.david.shopios.Shop;
				PRODUCT_NAME = "$(TARGET_NAME)";
			};
			name = Debug;
		};
		63373F121CCFDF0500DB0A2E /* Release */ = {
			isa = XCBuildConfiguration;
			baseConfigurationReference = 2427EF931EACED1AF9EEACD9 /* Pods.release.xcconfig */;
			buildSettings = {
				ASSETCATALOG_COMPILER_APPICON_NAME = AppIcon;
				GCC_PREFIX_HEADER = "Shop/Shop-Prefix.pch";
				INFOPLIST_FILE = Shop/Info.plist;
				LD_RUNPATH_SEARCH_PATHS = "$(inherited) @executable_path/Frameworks";
				PRODUCT_BUNDLE_IDENTIFIER = com.david.shopios.Shop;
				PRODUCT_NAME = "$(TARGET_NAME)";
			};
			name = Release;
		};
/* End XCBuildConfiguration section */

/* Begin XCConfigurationList section */
		63373EF11CCFDF0500DB0A2E /* Build configuration list for PBXProject "Shop" */ = {
			isa = XCConfigurationList;
			buildConfigurations = (
				63373F0E1CCFDF0500DB0A2E /* Debug */,
				63373F0F1CCFDF0500DB0A2E /* Release */,
			);
			defaultConfigurationIsVisible = 0;
			defaultConfigurationName = Release;
		};
		63373F101CCFDF0500DB0A2E /* Build configuration list for PBXNativeTarget "Shop" */ = {
			isa = XCConfigurationList;
			buildConfigurations = (
				63373F111CCFDF0500DB0A2E /* Debug */,
				63373F121CCFDF0500DB0A2E /* Release */,
			);
			defaultConfigurationIsVisible = 0;
			defaultConfigurationName = Release;
		};
/* End XCConfigurationList section */

/* Begin XCVersionGroup section */
		6383D4741CD06ECD00B53BCE /* Model.xcdatamodeld */ = {
			isa = XCVersionGroup;
			children = (
				6383D4751CD06ECD00B53BCE /* Model.xcdatamodel */,
			);
			currentVersion = 6383D4751CD06ECD00B53BCE /* Model.xcdatamodel */;
			path = Model.xcdatamodeld;
			sourceTree = "<group>";
			versionGroupType = wrapper.xcdatamodel;
		};
/* End XCVersionGroup section */
	};
	rootObject = 63373EEE1CCFDF0500DB0A2E /* Project object */;
}
